{
    "version": 3,
    "terraform_version": "0.11.14",
    "serial": 2,
    "lineage": "95650319-d36d-6a50-802f-57c3922e72ef",
    "modules": [
        {
            "path": [
                "root"
            ],
            "outputs": {
                "client_certificate": {
                    "sensitive": false,
                    "type": "string",
                    "value": ""
                },
                "client_key": {
                    "sensitive": false,
                    "type": "string",
                    "value": ""
                },
                "cluster_ca_certificate": {
                    "sensitive": false,
                    "type": "string",
                    "value": "LS0tLS1CRUdJTiBDRVJUSUZJQ0FURS0tLS0tCk1JSURDekNDQWZPZ0F3SUJBZ0lRVWVnUmkwZ2xnK2FFY3M1aTJSczhPakFOQmdrcWhraUc5dzBCQVFzRkFEQXYKTVMwd0t3WURWUVFERXlReVlUUTFNRGd4WVMweFpXSTNMVFJqWmpndE9HRmtZUzB3WmpKaU9EaGtZemxoWVdNdwpIaGNOTVRrd05qQXpNVEl5T0RFMFdoY05NalF3TmpBeE1UTXlPREUwV2pBdk1TMHdLd1lEVlFRREV5UXlZVFExCk1EZ3hZUzB4WldJM0xUUmpaamd0T0dGa1lTMHdaakppT0Roa1l6bGhZV013Z2dFaU1BMEdDU3FHU0liM0RRRUIKQVFVQUE0SUJEd0F3Z2dFS0FvSUJBUURRL1hleFc2Z21PTmdqUS9pQVUrM2RJdHZ6RUFsVzk1VVNTazlaL3ptMwpPMnBCUkh1bTNlSHdsYW1FSkZoa1dlMzljRGl3YXAxQW90SmRZTGh0bkR5aGZQT1RweDhFZnAydmNsOWVDUjVxCnArd3pCWVFYaUF4ZiswZ1A3V0tWU2VEcDdjV2RNKzlpcjU0TERFcHlPUUtHOVdoeHlaVVZPd0VCaHF4alZNRkcKanFvM0tnR3o2WVAzUmovcEZoUGMvQjE5VXhaR1BkMlJMdWZub3QycmQvcFVrTWVVOXJFNDBJaWVOZEZiUVJWMAp6eG1XNmpxdDMveHJIWnFxYmlDTUVEdU1JZnBpRU01N0UrR3FjZlNucHdNd21VcGQ4VjlPVEhETlJPZlpGbWppCitGWXpUbkhkdW5ER2JLOTVpMGVUaVpVdWtocWN0SEs3Z2VJZXpGYzNZQ1A5QWdNQkFBR2pJekFoTUE0R0ExVWQKRHdFQi93UUVBd0lDQkRBUEJnTlZIUk1CQWY4RUJUQURBUUgvTUEwR0NTcUdTSWIzRFFFQkN3VUFBNElCQVFBLwpFNks2N01mcUk4MlNWUzd6K2JzYXF4U1RNaVR4WEk2TmErMGtPSUpEUy9pdm9JaUxjRDh2S0hzcnhoMGVKaEtiCk5UeHVRVXhjVVJKeW8wU2E0UkVpNUVJUkJndVZLelhzdGFGdDJBSEw3SGZ2ZDVEZkxSQzh2Q1dORytFN3hVMmsKR2NLQ2xxdjNPc25xRXFvS0RVSU1pL3BsMzlOSVdERzl2cklGS2o3UkdoQ0NoVlNyc3VJc01pVk5nQmhlTVFibQpzUjdnQit2czVPRHVqdDNBVDg5aXB1RzREc3l4d0ZaSWlqU1F1eWdGZ3k2SnhQM0laWDVHOXRDTVhhUzZQcUNFCmwvVHlGMFdFSkR2Yk9rSWlVdTNsSitsd21lU2F5WDlBVDh6WGZmd09sMVJVWFBva2V6QUdpdkNDUDZoeHhUK1UKNU9XM3p2bDAvZ1RVTGY1NllRM2wKLS0tLS1FTkQgQ0VSVElGSUNBVEUtLS0tLQo="
                }
            },
            "resources": {
                "google_compute_instance.mongodb": {
                    "type": "google_compute_instance",
                    "depends_on": [
                        "google_compute_network.test",
                        "google_compute_subnetwork.sr1"
                    ],
                    "primary": {
                        "id": "centos",
                        "attributes": {
                            "attached_disk.#": "0",
                            "boot_disk.#": "1",
                            "boot_disk.0.auto_delete": "true",
                            "boot_disk.0.device_name": "persistent-disk-0",
                            "boot_disk.0.disk_encryption_key_raw": "",
                            "boot_disk.0.disk_encryption_key_sha256": "",
                            "boot_disk.0.initialize_params.#": "1",
                            "boot_disk.0.initialize_params.0.image": "https://www.googleapis.com/compute/v1/projects/centos-cloud/global/images/centos-7-v20190515",
                            "boot_disk.0.initialize_params.0.size": "10",
                            "boot_disk.0.initialize_params.0.type": "pd-standard",
                            "boot_disk.0.kms_key_self_link": "",
                            "boot_disk.0.source": "https://www.googleapis.com/compute/v1/projects/projet-cluster/zones/europe-west2-b/disks/centos",
                            "can_ip_forward": "false",
                            "cpu_platform": "Intel Broadwell",
                            "deletion_protection": "false",
                            "guest_accelerator.#": "0",
                            "hostname": "",
                            "id": "centos",
                            "instance_id": "6461140457720684160",
                            "label_fingerprint": "42WmSpB8rSM=",
                            "labels.%": "0",
                            "machine_type": "n1-standard-1",
                            "metadata.%": "1",
                            "metadata.sshKeys": "user01:ssh-rsa AAAAB3NzaC1yc2EAAAADAQABAAABAQCpC64PY/jDkxEvhY1d/Fq2uEelRAsbuWzFyQMdxrL/nEFxxQEYvI09S3bEwt5WEV2SYqIItc/dzDXn3f2Spjb9XRuE19IDhP2gMOLa8j9oRldy1lNdOQB65LdGSwo+8t8Zv1AQgWC+dqRKlSvbIjhw3LSiNe6Z/kO4f0WK02Jt3m41Uc1VJ9rOedP7bSyS3VkVi0kMpa17YJWpLyHArkctOS/W0DBAUs/Sp6QAVTy0ZMZknFpQKMi3ZjjLb5t/ywx2VeY6d71p+5ePnJ328WnTTnhIjOAUw32/fkLm9H1CZ2k6WYCcX+imJnoj89LYU8n3Vn4sFsS5tTuyQCUZdKdj projetCD\n",
                            "metadata_fingerprint": "MR6V_eImuAk=",
                            "metadata_startup_script": "",
                            "min_cpu_platform": "",
                            "name": "centos",
                            "network_interface.#": "1",
                            "network_interface.0.access_config.#": "1",
                            "network_interface.0.access_config.0.assigned_nat_ip": "",
                            "network_interface.0.access_config.0.nat_ip": "35.189.111.218",
                            "network_interface.0.access_config.0.network_tier": "PREMIUM",
                            "network_interface.0.access_config.0.public_ptr_domain_name": "",
                            "network_interface.0.address": "",
                            "network_interface.0.alias_ip_range.#": "0",
                            "network_interface.0.name": "nic0",
                            "network_interface.0.network": "https://www.googleapis.com/compute/v1/projects/projet-cluster/global/networks/network-test",
                            "network_interface.0.network_ip": "10.2.0.2",
                            "network_interface.0.subnetwork": "https://www.googleapis.com/compute/v1/projects/projet-cluster/regions/europe-west2/subnetworks/subnetwork-test1",
                            "network_interface.0.subnetwork_project": "projet-cluster",
                            "project": "projet-cluster",
                            "scheduling.#": "1",
                            "scheduling.0.automatic_restart": "true",
                            "scheduling.0.node_affinities.#": "0",
                            "scheduling.0.on_host_maintenance": "MIGRATE",
                            "scheduling.0.preemptible": "false",
                            "scratch_disk.#": "0",
                            "self_link": "https://www.googleapis.com/compute/v1/projects/projet-cluster/zones/europe-west2-b/instances/centos",
                            "service_account.#": "0",
                            "shielded_instance_config.#": "0",
                            "tags.#": "1",
                            "tags.2169121288": "user01",
                            "tags_fingerprint": "hEHtPu9w-7U=",
                            "zone": "europe-west2-b"
                        },
                        "meta": {
                            "e2bfb730-ecaa-11e6-8f88-34363bc7c4c0": {
                                "create": 360000000000,
                                "delete": 360000000000,
                                "update": 360000000000
                            },
                            "schema_version": "6"
                        },
                        "tainted": false
                    },
                    "deposed": [],
                    "provider": "provider.google"
                },
                "google_compute_network.test": {
                    "type": "google_compute_network",
                    "depends_on": [],
                    "primary": {
                        "id": "network-test",
                        "attributes": {
                            "auto_create_subnetworks": "false",
                            "delete_default_routes_on_create": "false",
                            "description": "",
                            "gateway_ipv4": "",
                            "id": "network-test",
                            "ipv4_range": "",
                            "name": "network-test",
                            "project": "projet-cluster",
                            "routing_mode": "REGIONAL",
                            "self_link": "https://www.googleapis.com/compute/v1/projects/projet-cluster/global/networks/network-test"
                        },
                        "meta": {
                            "e2bfb730-ecaa-11e6-8f88-34363bc7c4c0": {
                                "create": 240000000000,
                                "delete": 240000000000,
                                "update": 240000000000
                            }
                        },
                        "tainted": false
                    },
                    "deposed": [],
                    "provider": "provider.google"
                },
                "google_compute_subnetwork.sr1": {
                    "type": "google_compute_subnetwork",
                    "depends_on": [
                        "google_compute_network.test"
                    ],
                    "primary": {
                        "id": "europe-west2/subnetwork-test1",
                        "attributes": {
                            "creation_timestamp": "2019-06-03T06:27:58.493-07:00",
                            "description": "",
                            "enable_flow_logs": "false",
                            "fingerprint": "dPHoxzcJczc=",
                            "gateway_address": "10.2.0.1",
                            "id": "europe-west2/subnetwork-test1",
                            "ip_cidr_range": "10.2.0.0/16",
                            "name": "subnetwork-test1",
                            "network": "https://www.googleapis.com/compute/v1/projects/projet-cluster/global/networks/network-test",
                            "private_ip_google_access": "false",
                            "project": "projet-cluster",
                            "region": "europe-west2",
                            "secondary_ip_range.#": "0",
                            "self_link": "https://www.googleapis.com/compute/v1/projects/projet-cluster/regions/europe-west2/subnetworks/subnetwork-test1"
                        },
                        "meta": {
                            "e2bfb730-ecaa-11e6-8f88-34363bc7c4c0": {
                                "create": 360000000000,
                                "delete": 360000000000,
                                "update": 360000000000
                            }
                        },
                        "tainted": false
                    },
                    "deposed": [],
                    "provider": "provider.google"
                },
                "google_compute_subnetwork.sr2": {
                    "type": "google_compute_subnetwork",
                    "depends_on": [
                        "google_compute_network.test"
                    ],
                    "primary": {
                        "id": "europe-west2/subnetwork-test2",
                        "attributes": {
                            "creation_timestamp": "2019-06-03T06:27:58.903-07:00",
                            "description": "",
                            "enable_flow_logs": "false",
                            "fingerprint": "mNM8qqhduVQ=",
                            "gateway_address": "192.168.0.1",
                            "id": "europe-west2/subnetwork-test2",
                            "ip_cidr_range": "192.168.0.0/26",
                            "name": "subnetwork-test2",
                            "network": "https://www.googleapis.com/compute/v1/projects/projet-cluster/global/networks/network-test",
                            "private_ip_google_access": "false",
                            "project": "projet-cluster",
                            "region": "europe-west2",
                            "secondary_ip_range.#": "1",
                            "secondary_ip_range.0.ip_cidr_range": "192.168.10.0/24",
                            "secondary_ip_range.0.range_name": "secondary-range",
                            "self_link": "https://www.googleapis.com/compute/v1/projects/projet-cluster/regions/europe-west2/subnetworks/subnetwork-test2"
                        },
                        "meta": {
                            "e2bfb730-ecaa-11e6-8f88-34363bc7c4c0": {
                                "create": 360000000000,
                                "delete": 360000000000,
                                "update": 360000000000
                            }
                        },
                        "tainted": false
                    },
                    "deposed": [],
                    "provider": "provider.google"
                },
                "google_container_cluster.master": {
                    "type": "google_container_cluster",
                    "depends_on": [
                        "google_compute_subnetwork.sr1"
                    ],
                    "primary": {
                        "id": "my-cluster",
                        "attributes": {
                            "additional_zones.#": "0",
                            "addons_config.#": "1",
                            "addons_config.0.horizontal_pod_autoscaling.#": "0",
                            "addons_config.0.http_load_balancing.#": "0",
                            "addons_config.0.kubernetes_dashboard.#": "1",
                            "addons_config.0.kubernetes_dashboard.0.disabled": "true",
                            "addons_config.0.network_policy_config.#": "1",
                            "addons_config.0.network_policy_config.0.disabled": "true",
                            "cluster_autoscaling.#": "0",
                            "cluster_ipv4_cidr": "10.20.0.0/14",
                            "description": "",
                            "enable_kubernetes_alpha": "false",
                            "enable_legacy_abac": "false",
                            "endpoint": "35.246.122.190",
                            "id": "my-cluster",
                            "initial_node_count": "1",
                            "instance_group_urls.#": "0",
                            "ip_allocation_policy.#": "1",
                            "ip_allocation_policy.0.cluster_ipv4_cidr_block": "10.20.0.0/14",
                            "ip_allocation_policy.0.cluster_secondary_range_name": "gke-my-cluster-pods-918581bf",
                            "ip_allocation_policy.0.create_subnetwork": "false",
                            "ip_allocation_policy.0.node_ipv4_cidr_block": "10.154.0.0/20",
                            "ip_allocation_policy.0.services_ipv4_cidr_block": "10.0.0.0/20",
                            "ip_allocation_policy.0.services_secondary_range_name": "gke-my-cluster-services-918581bf",
                            "ip_allocation_policy.0.subnetwork_name": "",
                            "ip_allocation_policy.0.use_ip_aliases": "true",
                            "location": "europe-west2-b",
                            "logging_service": "logging.googleapis.com",
                            "maintenance_policy.#": "0",
                            "master_auth.#": "1",
                            "master_auth.0.client_certificate": "",
                            "master_auth.0.client_certificate_config.#": "1",
                            "master_auth.0.client_certificate_config.0.issue_client_certificate": "false",
                            "master_auth.0.client_key": "",
                            "master_auth.0.cluster_ca_certificate": "LS0tLS1CRUdJTiBDRVJUSUZJQ0FURS0tLS0tCk1JSURDekNDQWZPZ0F3SUJBZ0lRVWVnUmkwZ2xnK2FFY3M1aTJSczhPakFOQmdrcWhraUc5dzBCQVFzRkFEQXYKTVMwd0t3WURWUVFERXlReVlUUTFNRGd4WVMweFpXSTNMVFJqWmpndE9HRmtZUzB3WmpKaU9EaGtZemxoWVdNdwpIaGNOTVRrd05qQXpNVEl5T0RFMFdoY05NalF3TmpBeE1UTXlPREUwV2pBdk1TMHdLd1lEVlFRREV5UXlZVFExCk1EZ3hZUzB4WldJM0xUUmpaamd0T0dGa1lTMHdaakppT0Roa1l6bGhZV013Z2dFaU1BMEdDU3FHU0liM0RRRUIKQVFVQUE0SUJEd0F3Z2dFS0FvSUJBUURRL1hleFc2Z21PTmdqUS9pQVUrM2RJdHZ6RUFsVzk1VVNTazlaL3ptMwpPMnBCUkh1bTNlSHdsYW1FSkZoa1dlMzljRGl3YXAxQW90SmRZTGh0bkR5aGZQT1RweDhFZnAydmNsOWVDUjVxCnArd3pCWVFYaUF4ZiswZ1A3V0tWU2VEcDdjV2RNKzlpcjU0TERFcHlPUUtHOVdoeHlaVVZPd0VCaHF4alZNRkcKanFvM0tnR3o2WVAzUmovcEZoUGMvQjE5VXhaR1BkMlJMdWZub3QycmQvcFVrTWVVOXJFNDBJaWVOZEZiUVJWMAp6eG1XNmpxdDMveHJIWnFxYmlDTUVEdU1JZnBpRU01N0UrR3FjZlNucHdNd21VcGQ4VjlPVEhETlJPZlpGbWppCitGWXpUbkhkdW5ER2JLOTVpMGVUaVpVdWtocWN0SEs3Z2VJZXpGYzNZQ1A5QWdNQkFBR2pJekFoTUE0R0ExVWQKRHdFQi93UUVBd0lDQkRBUEJnTlZIUk1CQWY4RUJUQURBUUgvTUEwR0NTcUdTSWIzRFFFQkN3VUFBNElCQVFBLwpFNks2N01mcUk4MlNWUzd6K2JzYXF4U1RNaVR4WEk2TmErMGtPSUpEUy9pdm9JaUxjRDh2S0hzcnhoMGVKaEtiCk5UeHVRVXhjVVJKeW8wU2E0UkVpNUVJUkJndVZLelhzdGFGdDJBSEw3SGZ2ZDVEZkxSQzh2Q1dORytFN3hVMmsKR2NLQ2xxdjNPc25xRXFvS0RVSU1pL3BsMzlOSVdERzl2cklGS2o3UkdoQ0NoVlNyc3VJc01pVk5nQmhlTVFibQpzUjdnQit2czVPRHVqdDNBVDg5aXB1RzREc3l4d0ZaSWlqU1F1eWdGZ3k2SnhQM0laWDVHOXRDTVhhUzZQcUNFCmwvVHlGMFdFSkR2Yk9rSWlVdTNsSitsd21lU2F5WDlBVDh6WGZmd09sMVJVWFBva2V6QUdpdkNDUDZoeHhUK1UKNU9XM3p2bDAvZ1RVTGY1NllRM2wKLS0tLS1FTkQgQ0VSVElGSUNBVEUtLS0tLQo=",
                            "master_auth.0.password": "",
                            "master_auth.0.username": "",
                            "master_authorized_networks_config.#": "1",
                            "master_authorized_networks_config.0.cidr_blocks.#": "1",
                            "master_authorized_networks_config.0.cidr_blocks.3976959083.cidr_block": "10.2.0.0/16",
                            "master_authorized_networks_config.0.cidr_blocks.3976959083.display_name": "",
                            "master_version": "1.12.7-gke.10",
                            "monitoring_service": "monitoring.googleapis.com",
                            "name": "my-cluster",
                            "network": "projects/projet-cluster/global/networks/default",
                            "network_policy.#": "1",
                            "network_policy.0.enabled": "false",
                            "network_policy.0.provider": "PROVIDER_UNSPECIFIED",
                            "node_config.#": "0",
                            "node_locations.#": "0",
                            "node_pool.#": "0",
                            "node_version": "1.12.7-gke.10",
                            "private_cluster_config.#": "0",
                            "project": "projet-cluster",
                            "remove_default_node_pool": "true",
                            "resource_labels.%": "0",
                            "subnetwork": "projects/projet-cluster/regions/europe-west2/subnetworks/default",
                            "zone": "europe-west2-b"
                        },
                        "meta": {
                            "e2bfb730-ecaa-11e6-8f88-34363bc7c4c0": {
                                "create": 1800000000000,
                                "delete": 1800000000000,
                                "update": 1800000000000
                            },
                            "schema_version": "1"
                        },
                        "tainted": false
                    },
                    "deposed": [],
                    "provider": "provider.google"
                },
                "google_container_node_pool.node1": {
                    "type": "google_container_node_pool",
                    "depends_on": [
                        "google_container_cluster.master"
                    ],
                    "primary": {
                        "id": "europe-west2-b/my-cluster/my-node1",
                        "attributes": {
                            "cluster": "my-cluster",
                            "id": "europe-west2-b/my-cluster/my-node1",
                            "initial_node_count": "1",
                            "instance_group_urls.#": "1",
                            "instance_group_urls.0": "https://www.googleapis.com/compute/v1/projects/projet-cluster/zones/europe-west2-b/instanceGroupManagers/gke-my-cluster-my-node1-685189d0-grp",
                            "location": "europe-west2-b",
                            "management.#": "1",
                            "management.0.auto_repair": "false",
                            "management.0.auto_upgrade": "false",
                            "name": "my-node1",
                            "name_prefix": "",
                            "node_config.#": "1",
                            "node_config.0.disk_size_gb": "100",
                            "node_config.0.disk_type": "pd-standard",
                            "node_config.0.guest_accelerator.#": "0",
                            "node_config.0.image_type": "COS",
                            "node_config.0.labels.%": "0",
                            "node_config.0.local_ssd_count": "0",
                            "node_config.0.machine_type": "n1-standard-1",
                            "node_config.0.metadata.%": "2",
                            "node_config.0.metadata.disable-legacy-endpoints": "true",
                            "node_config.0.metadata.type": "stateful",
                            "node_config.0.min_cpu_platform": "",
                            "node_config.0.oauth_scopes.#": "2",
                            "node_config.0.oauth_scopes.1277378754": "https://www.googleapis.com/auth/monitoring",
                            "node_config.0.oauth_scopes.172152165": "https://www.googleapis.com/auth/logging.write",
                            "node_config.0.preemptible": "true",
                            "node_config.0.service_account": "default",
                            "node_config.0.tags.#": "0",
                            "node_config.0.taint.#": "0",
                            "node_config.0.workload_metadata_config.#": "0",
                            "node_count": "1",
                            "project": "projet-cluster",
                            "version": "1.12.7-gke.10",
                            "zone": "europe-west2-b"
                        },
                        "meta": {
                            "e2bfb730-ecaa-11e6-8f88-34363bc7c4c0": {
                                "create": 1800000000000,
                                "delete": 600000000000,
                                "update": 600000000000
                            },
                            "schema_version": "1"
                        },
                        "tainted": false
                    },
                    "deposed": [],
                    "provider": "provider.google"
                },
                "google_container_node_pool.node2": {
                    "type": "google_container_node_pool",
                    "depends_on": [
                        "google_container_cluster.master"
                    ],
                    "primary": {
                        "id": "europe-west2-b/my-cluster/my-node2",
                        "attributes": {
                            "cluster": "my-cluster",
                            "id": "europe-west2-b/my-cluster/my-node2",
                            "initial_node_count": "1",
                            "instance_group_urls.#": "1",
                            "instance_group_urls.0": "https://www.googleapis.com/compute/v1/projects/projet-cluster/zones/europe-west2-b/instanceGroupManagers/gke-my-cluster-my-node2-ac4af433-grp",
                            "location": "europe-west2-b",
                            "management.#": "1",
                            "management.0.auto_repair": "false",
                            "management.0.auto_upgrade": "false",
                            "name": "my-node2",
                            "name_prefix": "",
                            "node_config.#": "1",
                            "node_config.0.disk_size_gb": "100",
                            "node_config.0.disk_type": "pd-standard",
                            "node_config.0.guest_accelerator.#": "0",
                            "node_config.0.image_type": "COS",
                            "node_config.0.labels.%": "0",
                            "node_config.0.local_ssd_count": "0",
                            "node_config.0.machine_type": "n1-standard-1",
                            "node_config.0.metadata.%": "2",
                            "node_config.0.metadata.disable-legacy-endpoints": "true",
                            "node_config.0.metadata.type": "stateless",
                            "node_config.0.min_cpu_platform": "",
                            "node_config.0.oauth_scopes.#": "2",
                            "node_config.0.oauth_scopes.1277378754": "https://www.googleapis.com/auth/monitoring",
                            "node_config.0.oauth_scopes.172152165": "https://www.googleapis.com/auth/logging.write",
                            "node_config.0.preemptible": "true",
                            "node_config.0.service_account": "default",
                            "node_config.0.tags.#": "0",
                            "node_config.0.taint.#": "0",
                            "node_config.0.workload_metadata_config.#": "0",
                            "node_count": "1",
                            "project": "projet-cluster",
                            "version": "1.12.7-gke.10",
                            "zone": "europe-west2-b"
                        },
                        "meta": {
                            "e2bfb730-ecaa-11e6-8f88-34363bc7c4c0": {
                                "create": 1800000000000,
                                "delete": 600000000000,
                                "update": 600000000000
                            },
                            "schema_version": "1"
                        },
                        "tainted": false
                    },
                    "deposed": [],
                    "provider": "provider.google"
                }
            },
            "depends_on": []
        }
    ]
}
