{
    "version": 3,
    "terraform_version": "0.11.14",
    "serial": 7,
    "lineage": "95650319-d36d-6a50-802f-57c3922e72ef",
    "modules": [
        {
            "path": [
                "root"
            ],
            "outputs": {
                "client_certificate": {
                    "sensitive": false,
                    "type": "string",
                    "value": ""
                },
                "client_key": {
                    "sensitive": false,
                    "type": "string",
                    "value": ""
                },
                "cluster_ca_certificate": {
                    "sensitive": false,
                    "type": "string",
                    "value": "LS0tLS1CRUdJTiBDRVJUSUZJQ0FURS0tLS0tCk1JSURERENDQWZTZ0F3SUJBZ0lSQU5pWks1WHI2dVRTRkJSeGhsK3YzajB3RFFZSktvWklodmNOQVFFTEJRQXcKTHpFdE1Dc0dBMVVFQXhNa01tTm1PVE5oWVRVdFpUYzRNUzAwTjJJeUxXRTNPRFl0WkRGa01XVXdOMll5WVRCbQpNQjRYRFRFNU1EWXdOVEUwTVRRMU5Gb1hEVEkwTURZd016RTFNVFExTkZvd0x6RXRNQ3NHQTFVRUF4TWtNbU5tCk9UTmhZVFV0WlRjNE1TMDBOMkl5TFdFM09EWXRaREZrTVdVd04yWXlZVEJtTUlJQklqQU5CZ2txaGtpRzl3MEIKQVFFRkFBT0NBUThBTUlJQkNnS0NBUUVBdVA1VW1UdlZBOTNmZ3AvN0xIank4ZlhYdlFmMGgwb3ZGelQwaStJUQorN0JLWlBzSXNrOE4vMEFKOG1LRTlsbXRsTFMyckcySWtPVTkwa0RNbXJlQnlCVjZTbVVvbEZ5azVjTlhxOHA1CmFibStTc0tMN1lDckxVZUUrVU1yNTUzOWpCSko3MEhpdDRscERBa0VDUGxYc202YUVxdGJoRzlHMGQwWEpRcHUKSGR3UmxweExadFN5STU3MzlVSGtUL2FicEhLVnJjWmt2ZUpjVS9TMi9LRXYzOCtnSTF0eFlUSjJjWHFWOVRrdQpTODAyMnY3Wi9LcGg2TFpNdUJrNkpac25aclkvRTUxeXE4b09kUncxZysxQy92WXJ2TG80TTl6c0owMVYvN2F6CnNHdVFkZXdLUmowZEZMaWJTaTVZL1dxT0RBRzQ3ZWRFMEJiYWdsR05GOGt0andJREFRQUJveU13SVRBT0JnTlYKSFE4QkFmOEVCQU1DQWdRd0R3WURWUjBUQVFIL0JBVXdBd0VCL3pBTkJna3Foa2lHOXcwQkFRc0ZBQU9DQVFFQQpGTUp4Y1MrdFlKRUFBRk5peXUrcW96NzJNUE9uL3RNT0JLU0xGbE5mb3hkWG8vTWcwWE45VGtCQkZObk8vMGVGCkpGYUE5SU5hYVQra3VWUUFZUkZhME9jNk53andoVGRLdkhHekVKekt4bFErdkxrbkVWWDUzY3JvL0lhWERldXQKVVh6LzZaTEVvaWVlckVaSzYrZ1R5KzYzUkxSUGNxeXE0SGJYNGZHdnZobWkvWTVnT01NN25adklkRDV0YVZQKwpFbVpRRnFyRUQ4bGZsMy9zaWhWcml1dDRqdDZjd1M1NUpxSWNHMVlsK0sxcnRsMXQ0NWExajlYOEhocTQ4RVR1CitPemg0OGliUzlmQ01RKzcwN0lUbVlqTlNOYjZSUS9TTFF1ZG0xS1R5R3gybHJKUlFuK2xqMUY2VnZwcS9XUDIKdFBQV2NpNCs0UGpBVjBrb2FibU9Vdz09Ci0tLS0tRU5EIENFUlRJRklDQVRFLS0tLS0K"
                }
            },
            "resources": {
                "google_compute_firewall.http": {
                    "type": "google_compute_firewall",
                    "depends_on": [
                        "google_compute_network.test"
                    ],
                    "primary": {
                        "id": "http",
                        "attributes": {
                            "allow.#": "1",
                            "allow.272637744.ports.#": "1",
                            "allow.272637744.ports.0": "80",
                            "allow.272637744.protocol": "tcp",
                            "creation_timestamp": "2019-06-03T06:59:33.506-07:00",
                            "deny.#": "0",
                            "description": "",
                            "destination_ranges.#": "0",
                            "direction": "INGRESS",
                            "disabled": "false",
                            "id": "http",
                            "name": "http",
                            "network": "https://www.googleapis.com/compute/v1/projects/projet-cluster/global/networks/network-test",
                            "priority": "1000",
                            "project": "projet-cluster",
                            "self_link": "https://www.googleapis.com/compute/v1/projects/projet-cluster/global/firewalls/http",
                            "source_ranges.#": "1",
                            "source_ranges.1080289494": "0.0.0.0/0",
                            "source_service_accounts.#": "0",
                            "source_tags.#": "0",
                            "target_service_accounts.#": "0",
                            "target_tags.#": "0"
                        },
                        "meta": {
                            "e2bfb730-ecaa-11e6-8f88-34363bc7c4c0": {
                                "create": 240000000000,
                                "delete": 240000000000,
                                "update": 240000000000
                            },
                            "schema_version": "1"
                        },
                        "tainted": false
                    },
                    "deposed": [],
                    "provider": "provider.google"
                },
                "google_compute_firewall.ssh": {
                    "type": "google_compute_firewall",
                    "depends_on": [
                        "google_compute_network.test"
                    ],
                    "primary": {
                        "id": "ssh",
                        "attributes": {
                            "allow.#": "1",
                            "allow.803338340.ports.#": "1",
                            "allow.803338340.ports.0": "22",
                            "allow.803338340.protocol": "tcp",
                            "creation_timestamp": "2019-06-03T06:59:33.512-07:00",
                            "deny.#": "0",
                            "description": "",
                            "destination_ranges.#": "0",
                            "direction": "INGRESS",
                            "disabled": "false",
                            "id": "ssh",
                            "name": "ssh",
                            "network": "https://www.googleapis.com/compute/v1/projects/projet-cluster/global/networks/network-test",
                            "priority": "1000",
                            "project": "projet-cluster",
                            "self_link": "https://www.googleapis.com/compute/v1/projects/projet-cluster/global/firewalls/ssh",
                            "source_ranges.#": "1",
                            "source_ranges.1080289494": "0.0.0.0/0",
                            "source_service_accounts.#": "0",
                            "source_tags.#": "0",
                            "target_service_accounts.#": "0",
                            "target_tags.#": "0"
                        },
                        "meta": {
                            "e2bfb730-ecaa-11e6-8f88-34363bc7c4c0": {
                                "create": 240000000000,
                                "delete": 240000000000,
                                "update": 240000000000
                            },
                            "schema_version": "1"
                        },
                        "tainted": false
                    },
                    "deposed": [],
                    "provider": "provider.google"
                },
                "google_compute_instance.mongodb": {
                    "type": "google_compute_instance",
                    "depends_on": [
                        "google_compute_network.test",
                        "google_compute_subnetwork.sr1"
                    ],
                    "primary": {
                        "id": "centos",
                        "attributes": {
                            "attached_disk.#": "0",
                            "boot_disk.#": "1",
                            "boot_disk.0.auto_delete": "true",
                            "boot_disk.0.device_name": "persistent-disk-0",
                            "boot_disk.0.disk_encryption_key_raw": "",
                            "boot_disk.0.disk_encryption_key_sha256": "",
                            "boot_disk.0.initialize_params.#": "1",
                            "boot_disk.0.initialize_params.0.image": "https://www.googleapis.com/compute/v1/projects/centos-cloud/global/images/centos-7-v20190515",
                            "boot_disk.0.initialize_params.0.size": "10",
                            "boot_disk.0.initialize_params.0.type": "pd-standard",
                            "boot_disk.0.kms_key_self_link": "",
                            "boot_disk.0.source": "https://www.googleapis.com/compute/v1/projects/projet-cluster/zones/europe-west2-b/disks/centos",
                            "can_ip_forward": "false",
                            "cpu_platform": "Intel Broadwell",
                            "deletion_protection": "false",
                            "guest_accelerator.#": "0",
                            "hostname": "",
                            "id": "centos",
                            "instance_id": "5056283374190751116",
                            "label_fingerprint": "42WmSpB8rSM=",
                            "labels.%": "0",
                            "machine_type": "n1-standard-1",
                            "metadata.%": "1",
                            "metadata.sshKeys": "user01:ssh-rsa AAAAB3NzaC1yc2EAAAADAQABAAABAQCpC64PY/jDkxEvhY1d/Fq2uEelRAsbuWzFyQMdxrL/nEFxxQEYvI09S3bEwt5WEV2SYqIItc/dzDXn3f2Spjb9XRuE19IDhP2gMOLa8j9oRldy1lNdOQB65LdGSwo+8t8Zv1AQgWC+dqRKlSvbIjhw3LSiNe6Z/kO4f0WK02Jt3m41Uc1VJ9rOedP7bSyS3VkVi0kMpa17YJWpLyHArkctOS/W0DBAUs/Sp6QAVTy0ZMZknFpQKMi3ZjjLb5t/ywx2VeY6d71p+5ePnJ328WnTTnhIjOAUw32/fkLm9H1CZ2k6WYCcX+imJnoj89LYU8n3Vn4sFsS5tTuyQCUZdKdj projetCD\n",
                            "metadata_fingerprint": "MR6V_eImuAk=",
                            "metadata_startup_script": "",
                            "min_cpu_platform": "",
                            "name": "centos",
                            "network_interface.#": "1",
                            "network_interface.0.access_config.#": "1",
                            "network_interface.0.access_config.0.assigned_nat_ip": "",
                            "network_interface.0.access_config.0.nat_ip": "35.246.50.30",
                            "network_interface.0.access_config.0.network_tier": "PREMIUM",
                            "network_interface.0.access_config.0.public_ptr_domain_name": "",
                            "network_interface.0.address": "",
                            "network_interface.0.alias_ip_range.#": "0",
                            "network_interface.0.name": "nic0",
                            "network_interface.0.network": "https://www.googleapis.com/compute/v1/projects/projet-cluster/global/networks/network-test",
                            "network_interface.0.network_ip": "10.2.0.4",
                            "network_interface.0.subnetwork": "https://www.googleapis.com/compute/v1/projects/projet-cluster/regions/europe-west2/subnetworks/subnetwork-test1",
                            "network_interface.0.subnetwork_project": "projet-cluster",
                            "project": "projet-cluster",
                            "scheduling.#": "1",
                            "scheduling.0.automatic_restart": "true",
                            "scheduling.0.node_affinities.#": "0",
                            "scheduling.0.on_host_maintenance": "MIGRATE",
                            "scheduling.0.preemptible": "false",
                            "scratch_disk.#": "0",
                            "self_link": "https://www.googleapis.com/compute/v1/projects/projet-cluster/zones/europe-west2-b/instances/centos",
                            "service_account.#": "0",
                            "shielded_instance_config.#": "0",
                            "tags.#": "1",
                            "tags.2169121288": "user01",
                            "tags_fingerprint": "hEHtPu9w-7U=",
                            "zone": "europe-west2-b"
                        },
                        "meta": {
                            "e2bfb730-ecaa-11e6-8f88-34363bc7c4c0": {
                                "create": 360000000000,
                                "delete": 360000000000,
                                "update": 360000000000
                            },
                            "schema_version": "6"
                        },
                        "tainted": false
                    },
                    "deposed": [],
                    "provider": "provider.google"
                },
                "google_compute_network.test": {
                    "type": "google_compute_network",
                    "depends_on": [],
                    "primary": {
                        "id": "network-test",
                        "attributes": {
                            "auto_create_subnetworks": "false",
                            "delete_default_routes_on_create": "false",
                            "description": "",
                            "gateway_ipv4": "",
                            "id": "network-test",
                            "ipv4_range": "",
                            "name": "network-test",
                            "project": "projet-cluster",
                            "routing_mode": "REGIONAL",
                            "self_link": "https://www.googleapis.com/compute/v1/projects/projet-cluster/global/networks/network-test"
                        },
                        "meta": {
                            "e2bfb730-ecaa-11e6-8f88-34363bc7c4c0": {
                                "create": 240000000000,
                                "delete": 240000000000,
                                "update": 240000000000
                            }
                        },
                        "tainted": false
                    },
                    "deposed": [],
                    "provider": "provider.google"
                },
                "google_compute_subnetwork.sr1": {
                    "type": "google_compute_subnetwork",
                    "depends_on": [
                        "google_compute_network.test"
                    ],
                    "primary": {
                        "id": "europe-west2/subnetwork-test1",
                        "attributes": {
                            "creation_timestamp": "2019-06-03T06:27:58.493-07:00",
                            "description": "",
                            "enable_flow_logs": "false",
                            "fingerprint": "dPHoxzcJczc=",
                            "gateway_address": "10.2.0.1",
                            "id": "europe-west2/subnetwork-test1",
                            "ip_cidr_range": "10.2.0.0/16",
                            "name": "subnetwork-test1",
                            "network": "https://www.googleapis.com/compute/v1/projects/projet-cluster/global/networks/network-test",
                            "private_ip_google_access": "false",
                            "project": "projet-cluster",
                            "region": "europe-west2",
                            "secondary_ip_range.#": "0",
                            "self_link": "https://www.googleapis.com/compute/v1/projects/projet-cluster/regions/europe-west2/subnetworks/subnetwork-test1"
                        },
                        "meta": {
                            "e2bfb730-ecaa-11e6-8f88-34363bc7c4c0": {
                                "create": 360000000000,
                                "delete": 360000000000,
                                "update": 360000000000
                            }
                        },
                        "tainted": false
                    },
                    "deposed": [],
                    "provider": "provider.google"
                },
                "google_compute_subnetwork.sr2": {
                    "type": "google_compute_subnetwork",
                    "depends_on": [
                        "google_compute_network.test"
                    ],
                    "primary": {
                        "id": "europe-west2/subnetwork-test2",
                        "attributes": {
                            "creation_timestamp": "2019-06-03T06:27:58.903-07:00",
                            "description": "",
                            "enable_flow_logs": "false",
                            "fingerprint": "mNM8qqhduVQ=",
                            "gateway_address": "192.168.0.1",
                            "id": "europe-west2/subnetwork-test2",
                            "ip_cidr_range": "192.168.0.0/26",
                            "name": "subnetwork-test2",
                            "network": "https://www.googleapis.com/compute/v1/projects/projet-cluster/global/networks/network-test",
                            "private_ip_google_access": "false",
                            "project": "projet-cluster",
                            "region": "europe-west2",
                            "secondary_ip_range.#": "1",
                            "secondary_ip_range.0.ip_cidr_range": "192.168.10.0/24",
                            "secondary_ip_range.0.range_name": "secondary-range",
                            "self_link": "https://www.googleapis.com/compute/v1/projects/projet-cluster/regions/europe-west2/subnetworks/subnetwork-test2"
                        },
                        "meta": {
                            "e2bfb730-ecaa-11e6-8f88-34363bc7c4c0": {
                                "create": 360000000000,
                                "delete": 360000000000,
                                "update": 360000000000
                            }
                        },
                        "tainted": false
                    },
                    "deposed": [],
                    "provider": "provider.google"
                },
                "google_container_cluster.master": {
                    "type": "google_container_cluster",
                    "depends_on": [
                        "google_compute_subnetwork.sr1"
                    ],
                    "primary": {
                        "id": "my-cluster",
                        "attributes": {
                            "additional_zones.#": "0",
                            "addons_config.#": "1",
                            "addons_config.0.horizontal_pod_autoscaling.#": "0",
                            "addons_config.0.http_load_balancing.#": "0",
                            "addons_config.0.kubernetes_dashboard.#": "1",
                            "addons_config.0.kubernetes_dashboard.0.disabled": "true",
                            "addons_config.0.network_policy_config.#": "1",
                            "addons_config.0.network_policy_config.0.disabled": "true",
                            "cluster_autoscaling.#": "0",
                            "cluster_ipv4_cidr": "10.20.0.0/14",
                            "description": "",
                            "enable_kubernetes_alpha": "false",
                            "enable_legacy_abac": "false",
                            "endpoint": "35.246.92.43",
                            "id": "my-cluster",
                            "initial_node_count": "1",
                            "instance_group_urls.#": "0",
                            "ip_allocation_policy.#": "1",
                            "ip_allocation_policy.0.cluster_ipv4_cidr_block": "10.20.0.0/14",
                            "ip_allocation_policy.0.cluster_secondary_range_name": "gke-my-cluster-pods-e2f77539",
                            "ip_allocation_policy.0.create_subnetwork": "false",
                            "ip_allocation_policy.0.node_ipv4_cidr_block": "10.154.0.0/20",
                            "ip_allocation_policy.0.services_ipv4_cidr_block": "10.0.0.0/20",
                            "ip_allocation_policy.0.services_secondary_range_name": "gke-my-cluster-services-e2f77539",
                            "ip_allocation_policy.0.subnetwork_name": "",
                            "ip_allocation_policy.0.use_ip_aliases": "true",
                            "location": "europe-west2-b",
                            "logging_service": "logging.googleapis.com",
                            "maintenance_policy.#": "0",
                            "master_auth.#": "1",
                            "master_auth.0.client_certificate": "",
                            "master_auth.0.client_certificate_config.#": "1",
                            "master_auth.0.client_certificate_config.0.issue_client_certificate": "false",
                            "master_auth.0.client_key": "",
                            "master_auth.0.cluster_ca_certificate": "LS0tLS1CRUdJTiBDRVJUSUZJQ0FURS0tLS0tCk1JSURERENDQWZTZ0F3SUJBZ0lSQU5pWks1WHI2dVRTRkJSeGhsK3YzajB3RFFZSktvWklodmNOQVFFTEJRQXcKTHpFdE1Dc0dBMVVFQXhNa01tTm1PVE5oWVRVdFpUYzRNUzAwTjJJeUxXRTNPRFl0WkRGa01XVXdOMll5WVRCbQpNQjRYRFRFNU1EWXdOVEUwTVRRMU5Gb1hEVEkwTURZd016RTFNVFExTkZvd0x6RXRNQ3NHQTFVRUF4TWtNbU5tCk9UTmhZVFV0WlRjNE1TMDBOMkl5TFdFM09EWXRaREZrTVdVd04yWXlZVEJtTUlJQklqQU5CZ2txaGtpRzl3MEIKQVFFRkFBT0NBUThBTUlJQkNnS0NBUUVBdVA1VW1UdlZBOTNmZ3AvN0xIank4ZlhYdlFmMGgwb3ZGelQwaStJUQorN0JLWlBzSXNrOE4vMEFKOG1LRTlsbXRsTFMyckcySWtPVTkwa0RNbXJlQnlCVjZTbVVvbEZ5azVjTlhxOHA1CmFibStTc0tMN1lDckxVZUUrVU1yNTUzOWpCSko3MEhpdDRscERBa0VDUGxYc202YUVxdGJoRzlHMGQwWEpRcHUKSGR3UmxweExadFN5STU3MzlVSGtUL2FicEhLVnJjWmt2ZUpjVS9TMi9LRXYzOCtnSTF0eFlUSjJjWHFWOVRrdQpTODAyMnY3Wi9LcGg2TFpNdUJrNkpac25aclkvRTUxeXE4b09kUncxZysxQy92WXJ2TG80TTl6c0owMVYvN2F6CnNHdVFkZXdLUmowZEZMaWJTaTVZL1dxT0RBRzQ3ZWRFMEJiYWdsR05GOGt0andJREFRQUJveU13SVRBT0JnTlYKSFE4QkFmOEVCQU1DQWdRd0R3WURWUjBUQVFIL0JBVXdBd0VCL3pBTkJna3Foa2lHOXcwQkFRc0ZBQU9DQVFFQQpGTUp4Y1MrdFlKRUFBRk5peXUrcW96NzJNUE9uL3RNT0JLU0xGbE5mb3hkWG8vTWcwWE45VGtCQkZObk8vMGVGCkpGYUE5SU5hYVQra3VWUUFZUkZhME9jNk53andoVGRLdkhHekVKekt4bFErdkxrbkVWWDUzY3JvL0lhWERldXQKVVh6LzZaTEVvaWVlckVaSzYrZ1R5KzYzUkxSUGNxeXE0SGJYNGZHdnZobWkvWTVnT01NN25adklkRDV0YVZQKwpFbVpRRnFyRUQ4bGZsMy9zaWhWcml1dDRqdDZjd1M1NUpxSWNHMVlsK0sxcnRsMXQ0NWExajlYOEhocTQ4RVR1CitPemg0OGliUzlmQ01RKzcwN0lUbVlqTlNOYjZSUS9TTFF1ZG0xS1R5R3gybHJKUlFuK2xqMUY2VnZwcS9XUDIKdFBQV2NpNCs0UGpBVjBrb2FibU9Vdz09Ci0tLS0tRU5EIENFUlRJRklDQVRFLS0tLS0K",
                            "master_auth.0.password": "",
                            "master_auth.0.username": "",
                            "master_authorized_networks_config.#": "1",
                            "master_authorized_networks_config.0.cidr_blocks.#": "1",
                            "master_authorized_networks_config.0.cidr_blocks.3976959083.cidr_block": "10.2.0.0/16",
                            "master_authorized_networks_config.0.cidr_blocks.3976959083.display_name": "",
                            "master_version": "1.12.7-gke.10",
                            "monitoring_service": "monitoring.googleapis.com",
                            "name": "my-cluster",
                            "network": "projects/projet-cluster/global/networks/default",
                            "network_policy.#": "1",
                            "network_policy.0.enabled": "false",
                            "network_policy.0.provider": "PROVIDER_UNSPECIFIED",
                            "node_config.#": "0",
                            "node_locations.#": "0",
                            "node_pool.#": "0",
                            "node_version": "1.12.7-gke.10",
                            "private_cluster_config.#": "0",
                            "project": "projet-cluster",
                            "remove_default_node_pool": "true",
                            "resource_labels.%": "0",
                            "services_ipv4_cidr": "10.0.0.0/20",
                            "subnetwork": "projects/projet-cluster/regions/europe-west2/subnetworks/default",
                            "zone": "europe-west2-b"
                        },
                        "meta": {
                            "e2bfb730-ecaa-11e6-8f88-34363bc7c4c0": {
                                "create": 1800000000000,
                                "delete": 1800000000000,
                                "update": 1800000000000
                            },
                            "schema_version": "1"
                        },
                        "tainted": false
                    },
                    "deposed": [],
                    "provider": "provider.google"
                },
                "google_container_node_pool.node1": {
                    "type": "google_container_node_pool",
                    "depends_on": [
                        "google_container_cluster.master"
                    ],
                    "primary": {
                        "id": "europe-west2-b/my-cluster/my-node1",
                        "attributes": {
                            "cluster": "my-cluster",
                            "id": "europe-west2-b/my-cluster/my-node1",
                            "initial_node_count": "1",
                            "instance_group_urls.#": "1",
                            "instance_group_urls.0": "https://www.googleapis.com/compute/v1/projects/projet-cluster/zones/europe-west2-b/instanceGroupManagers/gke-my-cluster-my-node1-dca4c1b9-grp",
                            "location": "europe-west2-b",
                            "management.#": "1",
                            "management.0.auto_repair": "false",
                            "management.0.auto_upgrade": "false",
                            "name": "my-node1",
                            "name_prefix": "",
                            "node_config.#": "1",
                            "node_config.0.disk_size_gb": "100",
                            "node_config.0.disk_type": "pd-standard",
                            "node_config.0.guest_accelerator.#": "0",
                            "node_config.0.image_type": "COS",
                            "node_config.0.labels.%": "0",
                            "node_config.0.local_ssd_count": "0",
                            "node_config.0.machine_type": "n1-standard-1",
                            "node_config.0.metadata.%": "2",
                            "node_config.0.metadata.disable-legacy-endpoints": "true",
                            "node_config.0.metadata.type": "stateful",
                            "node_config.0.min_cpu_platform": "",
                            "node_config.0.oauth_scopes.#": "2",
                            "node_config.0.oauth_scopes.1277378754": "https://www.googleapis.com/auth/monitoring",
                            "node_config.0.oauth_scopes.172152165": "https://www.googleapis.com/auth/logging.write",
                            "node_config.0.preemptible": "false",
                            "node_config.0.service_account": "default",
                            "node_config.0.tags.#": "0",
                            "node_config.0.taint.#": "0",
                            "node_config.0.workload_metadata_config.#": "0",
                            "node_count": "1",
                            "project": "projet-cluster",
                            "version": "1.12.7-gke.10",
                            "zone": "europe-west2-b"
                        },
                        "meta": {
                            "e2bfb730-ecaa-11e6-8f88-34363bc7c4c0": {
                                "create": 1800000000000,
                                "delete": 600000000000,
                                "update": 600000000000
                            },
                            "schema_version": "1"
                        },
                        "tainted": false
                    },
                    "deposed": [],
                    "provider": "provider.google"
                }
            },
            "depends_on": []
        }
    ]
}
